{
  "version": "5",
  "specifiers": {
    "jsr:@noble/hashes@2.0.0": "2.0.0",
    "jsr:@std/encoding@0.224.0": "0.224.0",
    "jsr:@uri/gamla@0.0.14": "0.0.14",
    "jsr:@uri/safescript@0.1": "0.1.0",
    "npm:@instantdb/admin@1.0.65": "1.0.65",
    "npm:@upstash/qstash@^2.11.1": "2.11.1",
    "npm:zod@^3.25.42": "3.25.76"
  },
  "jsr": {
    "@noble/hashes@2.0.0": {
      "integrity": "203b1a1d3a3de1e964e482fbe8196963e12d5dc63f280b42eae2fb74131001c8"
    },
    "@std/encoding@0.224.0": {
      "integrity": "efb6dca97d3e9c31392bd5c8cfd9f9fc9decf5a1f4d1f78af7900a493bcf89b5"
    },
    "@uri/gamla@0.0.14": {
      "integrity": "5a83c61f77d0efc761f6a269596cb8d43658e4343d261f8c28ebbd4522e33519",
      "dependencies": [
        "jsr:@noble/hashes",
        "jsr:@std/encoding"
      ]
    },
    "@uri/safescript@0.1.0": {
      "integrity": "cf3f2e74e6be0f01d9597e34c2f5dbe429660503412e55278e479cf3392835c8",
      "dependencies": [
        "npm:zod"
      ]
    }
  },
  "npm": {
    "@instantdb/admin@1.0.65": {
      "integrity": "sha512-g/A6JgkLhHoRswx2uU7oCk2iJ93+DxBw84867IIdckYv2UTngQ65gNiJhbdWbZ4S5cD1+NMWCPXZBbQilVNHGw==",
      "dependencies": [
        "@instantdb/core",
        "@instantdb/eventsource",
        "@instantdb/version",
        "@instantdb/webhooks",
        "cookie",
        "uuid"
      ]
    },
    "@instantdb/core@1.0.65": {
      "integrity": "sha512-ZVxrKJOPcUcRYN9KrI+W+kVhzr7uKLZVZLRRqCdVvWSKkSGx8rg/obQa2E3MYnYpV+xPcphKjlZIC7pmwSDtSQ==",
      "dependencies": [
        "@instantdb/version",
        "mutative",
        "uuid"
      ]
    },
    "@instantdb/eventsource@4.1.0-2": {
      "integrity": "sha512-k2uzhsRzdD7hzV3fv+eoCRNeluZcj4pDfUKKAhvIS6xshc7zHkaM9/m3vxBgaYoNVmvOyaGp84TcHG0/Bp7k4g==",
      "dependencies": [
        "eventsource-parser"
      ]
    },
    "@instantdb/version@1.0.65": {
      "integrity": "sha512-9uZa9zHM9lGKm7YD9ttaaYjA3dVPcuzTpq9aQBWH1PRyIU8G7aaOBLIpEDrtpnO+dng0iKi6S2WrPrynALfKQg=="
    },
    "@instantdb/webhooks@1.0.65": {
      "integrity": "sha512-cO/JTXgd6NNAxeRmo0LkaAxHNjBEKBbPe8lPBbGhYu4OHq2izIqsAhsKaDHhpYjEEhYR/BiCgsHzD0BA3ecadA==",
      "dependencies": [
        "@instantdb/core"
      ]
    },
    "@upstash/qstash@2.11.1": {
      "integrity": "sha512-rq8e/40lgWThlfMZUsOUtABW6gZ+dzrl+CjESmHE8oL6l7hUp2kK1bni1auNBjxz5cpHqPheFlVqufNXbK+cVg==",
      "dependencies": [
        "crypto-js",
        "jose",
        "neverthrow"
      ]
    },
    "cookie@1.1.1": {
      "integrity": "sha512-ei8Aos7ja0weRpFzJnEA9UHJ/7XQmqglbRwnf2ATjcB9Wq874VKH9kfjjirM6UhU2/E5fFYadylyhFldcqSidQ=="
    },
    "crypto-js@4.2.0": {
      "integrity": "sha512-KALDyEYgpY+Rlob/iriUtjV6d5Eq+Y191A5g4UqLAi8CyGP9N1+FdVbkc1SxKc2r4YAYqG8JzO2KGL+AizD70Q=="
    },
    "eventsource-parser@3.1.1": {
      "integrity": "sha512-EKN1vKAMcZ8MlYMpaNuxN6R9yakzH6uajHcHVTqWJzvu5pWw9DyhbP35HH8MVBQ+dZjAfDxk+A8NiR9KWaXiyQ=="
    },
    "jose@5.10.0": {
      "integrity": "sha512-s+3Al/p9g32Iq+oqXxkW//7jk2Vig6FF1CFqzVXoTUXt2qz89YWbL+OwS17NFYEvxC35n0FKeGO2LGYSxeM2Gg=="
    },
    "mutative@1.3.0": {
      "integrity": "sha512-8MJj6URmOZAV70dpFe1YnSppRTKC4DsMkXQiBDFayLcDI4ljGokHxmpqaBQuDWa4iAxWaJJ1PS8vAmbntjjKmQ=="
    },
    "neverthrow@7.2.0": {
      "integrity": "sha512-iGBUfFB7yPczHHtA8dksKTJ9E8TESNTAx1UQWW6TzMF280vo9jdPYpLUXrMN1BCkPdHFdNG3fxOt2CUad8KhAw=="
    },
    "uuid@11.1.1": {
      "integrity": "sha512-vIYxrBCC/N/K+Js3qSN88go7kIfNPssr/hHCesKCQNAjmgvYS2oqr69kIufEG+O4+PfezOH4EbIeHCfFov8ZgQ==",
      "bin": true
    },
    "zod@3.25.76": {
      "integrity": "sha512-gzUt/qt81nXsFGKIFcC3YnfEAx5NkunCfnDlvuBSSFS02bcXu4Lmea0AFIUwbLWxWPx3d9p8S5QoaujKcNQxcQ=="
    }
  },
  "workspace": {
    "dependencies": [
      "jsr:@uri/gamla@0.0.14",
      "jsr:@uri/safescript@0.1",
      "npm:@instantdb/admin@1.0.65",
      "npm:@upstash/qstash@^2.11.1"
    ]
  }
}
